
Microsoft Visual Studio Solution File, Format Version 12.00
# Visual Studio Version 17
VisualStudioVersion = 17.8.34525.116
MinimumVisualStudioVersion = 10.0.40219.1
Project("{8BC9CEB8-8B4A-11D0-8D11-00A0C91BC942}") = "olympicsProject2", "olympicsProject2.vcxproj", "{E756A45D-EAC9-4E70-986E-DE8DA44BDE74}"
EndProject
Global
	GlobalSection(SolutionConfigurationPlatforms) = preSolution
		Debug|x64 = Debug|x64
		Debug|x86 = Debug|x86
		Release|x64 = Release|x64
		Release|x86 = Release|x86
	EndGlobalSection
	GlobalSection(ProjectConfigurationPlatforms) = postSolution
		{E756A45D-EAC9-4E70-986E-DE8DA44BDE74}.Debug|x64.ActiveCfg = Debug|x64
		{E756A45D-EAC9-4E70-986E-DE8DA44BDE74}.Debug|x64.Build.0 = Debug|x64
		{E756A45D-EAC9-4E70-986E-DE8DA44BDE74}.Debug|x86.ActiveCfg = Debug|Win32
		{E756A45D-EAC9-4E70-986E-DE8DA44BDE74}.Debug|x86.Build.0 = Debug|Win32
		{E756A45D-EAC9-4E70-986E-DE8DA44BDE74}.Release|x64.ActiveCfg = Release|x64
		{E756A45D-EAC9-4E70-986E-DE8DA44BDE74}.Release|x64.Build.0 = Release|x64
		{E756A45D-EAC9-4E70-986E-DE8DA44BDE74}.Release|x86.ActiveCfg = Release|Win32
		{E756A45D-EAC9-4E70-986E-DE8DA44BDE74}.Release|x86.Build.0 = Release|Win32
	EndGlobalSection
	GlobalSection(SolutionProperties) = preSolution
		HideSolutionNode = FALSE
	EndGlobalSection
	GlobalSection(ExtensibilityGlobals) = postSolution
		SolutionGuid = {63ED0732-B643-4193-8BE1-1D42B844B271}
	EndGlobalSection
EndGlobal
